
Microsoft Visual Studio Solution File, Format Version 12.00
# Visual Studio Version 16
VisualStudioVersion = 16.0.31019.35
MinimumVisualStudioVersion = 10.0.40219.1
Project("{FAE04EC0-301F-11D3-BF4B-00C04F79EFBC}") = "Vocables", "Vocables\Vocables.csproj", "{B9F51E53-5DB8-4623-976A-C16B4E295937}"
EndProject
Project("{FAE04EC0-301F-11D3-BF4B-00C04F79EFBC}") = "ClassLibrary", "ClassLibrary\ClassLibrary.csproj", "{2FFAA22A-179C-4C97-8E5F-ACB2F0EE33E1}"
EndProject
Global
	GlobalSection(SolutionConfigurationPlatforms) = preSolution
		Debug|Any CPU = Debug|Any CPU
		Release|Any CPU = Release|Any CPU
	EndGlobalSection
	GlobalSection(ProjectConfigurationPlatforms) = postSolution
		{B9F51E53-5DB8-4623-976A-C16B4E295937}.Debug|Any CPU.ActiveCfg = Debug|Any CPU
		{B9F51E53-5DB8-4623-976A-C16B4E295937}.Debug|Any CPU.Build.0 = Debug|Any CPU
		{B9F51E53-5DB8-4623-976A-C16B4E295937}.Release|Any CPU.ActiveCfg = Release|Any CPU
		{B9F51E53-5DB8-4623-976A-C16B4E295937}.Release|Any CPU.Build.0 = Release|Any CPU
		{2FFAA22A-179C-4C97-8E5F-ACB2F0EE33E1}.Debug|Any CPU.ActiveCfg = Debug|Any CPU
		{2FFAA22A-179C-4C97-8E5F-ACB2F0EE33E1}.Debug|Any CPU.Build.0 = Debug|Any CPU
		{2FFAA22A-179C-4C97-8E5F-ACB2F0EE33E1}.Release|Any CPU.ActiveCfg = Release|Any CPU
		{2FFAA22A-179C-4C97-8E5F-ACB2F0EE33E1}.Release|Any CPU.Build.0 = Release|Any CPU
	EndGlobalSection
	GlobalSection(SolutionProperties) = preSolution
		HideSolutionNode = FALSE
	EndGlobalSection
	GlobalSection(ExtensibilityGlobals) = postSolution
		SolutionGuid = {03668EA7-E649-4FEA-B75F-1E31BFBC0FCB}
	EndGlobalSection
EndGlobal
